
Microsoft Visual Studio Solution File, Format Version 12.00
# Visual Studio Version 17
VisualStudioVersion = 17.8.34511.84
MinimumVisualStudioVersion = 10.0.40219.1
Project("{9A19103F-16F7-4668-BE54-9A1E7A4F7556}") = "er-transformer-huawei-int", "er-transformer-huawei-int\er-transformer-huawei-int.csproj", "{0D5A2326-45AF-47CA-8A4A-F13FD8299C3B}"
EndProject
Global
	GlobalSection(SolutionConfigurationPlatforms) = preSolution
		Debug|Any CPU = Debug|Any CPU
		Release|Any CPU = Release|Any CPU
	EndGlobalSection
	GlobalSection(ProjectConfigurationPlatforms) = postSolution
		{0D5A2326-45AF-47CA-8A4A-F13FD8299C3B}.Debug|Any CPU.ActiveCfg = Debug|Any CPU
		{0D5A2326-45AF-47CA-8A4A-F13FD8299C3B}.Debug|Any CPU.Build.0 = Debug|Any CPU
		{0D5A2326-45AF-47CA-8A4A-F13FD8299C3B}.Release|Any CPU.ActiveCfg = Release|Any CPU
		{0D5A2326-45AF-47CA-8A4A-F13FD8299C3B}.Release|Any CPU.Build.0 = Release|Any CPU
	EndGlobalSection
	GlobalSection(SolutionProperties) = preSolution
		HideSolutionNode = FALSE
	EndGlobalSection
	GlobalSection(ExtensibilityGlobals) = postSolution
		SolutionGuid = {1467FAF5-4E79-4533-AB04-1783080D657D}
	EndGlobalSection
EndGlobal
